
Microsoft Visual Studio Solution File, Format Version 12.00
# Visual Studio Version 17
VisualStudioVersion = 17.14.36109.1 d17.14
MinimumVisualStudioVersion = 10.0.40219.1
Project("{FAE04EC0-301F-11D3-BF4B-00C04F79EFBC}") = "practice_synergy_worker", "practice_synergy_worker.csproj", "{AF3213C9-EDBB-404A-862D-F2C608702E9F}"
EndProject
Global
	GlobalSection(SolutionConfigurationPlatforms) = preSolution
		Debug|Any CPU = Debug|Any CPU
		Release|Any CPU = Release|Any CPU
	EndGlobalSection
	GlobalSection(ProjectConfigurationPlatforms) = postSolution
		{AF3213C9-EDBB-404A-862D-F2C608702E9F}.Debug|Any CPU.ActiveCfg = Debug|Any CPU
		{AF3213C9-EDBB-404A-862D-F2C608702E9F}.Debug|Any CPU.Build.0 = Debug|Any CPU
		{AF3213C9-EDBB-404A-862D-F2C608702E9F}.Release|Any CPU.ActiveCfg = Release|Any CPU
		{AF3213C9-EDBB-404A-862D-F2C608702E9F}.Release|Any CPU.Build.0 = Release|Any CPU
	EndGlobalSection
	GlobalSection(SolutionProperties) = preSolution
		HideSolutionNode = FALSE
	EndGlobalSection
	GlobalSection(ExtensibilityGlobals) = postSolution
		SolutionGuid = {ED6C04E2-3B77-4EE8-92F2-64D030CFC204}
	EndGlobalSection
EndGlobal
